
Microsoft Visual Studio Solution File, Format Version 12.00
# Visual Studio Version 17
VisualStudioVersion = 17.9.34902.65
MinimumVisualStudioVersion = 10.0.40219.1
Project("{FAE04EC0-301F-11D3-BF4B-00C04F79EFBC}") = "NrbMaintenanceHelper", "NrbMaintenanceHelper\NrbMaintenanceHelper.csproj", "{15B885B6-031D-4C25-B681-4A231D7EE47F}"
EndProject
Global
	GlobalSection(SolutionConfigurationPlatforms) = preSolution
		Debug|Any CPU = Debug|Any CPU
		Release|Any CPU = Release|Any CPU
	EndGlobalSection
	GlobalSection(ProjectConfigurationPlatforms) = postSolution
		{15B885B6-031D-4C25-B681-4A231D7EE47F}.Debug|Any CPU.ActiveCfg = Debug|Any CPU
		{15B885B6-031D-4C25-B681-4A231D7EE47F}.Debug|Any CPU.Build.0 = Debug|Any CPU
		{15B885B6-031D-4C25-B681-4A231D7EE47F}.Release|Any CPU.ActiveCfg = Release|Any CPU
		{15B885B6-031D-4C25-B681-4A231D7EE47F}.Release|Any CPU.Build.0 = Release|Any CPU
	EndGlobalSection
	GlobalSection(SolutionProperties) = preSolution
		HideSolutionNode = FALSE
	EndGlobalSection
	GlobalSection(ExtensibilityGlobals) = postSolution
		SolutionGuid = {772811D0-AB99-4058-96FB-BFDC88355284}
	EndGlobalSection
EndGlobal
