
Microsoft Visual Studio Solution File, Format Version 12.00
# Visual Studio Version 17
VisualStudioVersion = 17.9.34902.65
MinimumVisualStudioVersion = 10.0.40219.1
Project("{FAE04EC0-301F-11D3-BF4B-00C04F79EFBC}") = "NrbCarHelper", "NrbCarHelper\NrbCarHelper.csproj", "{8E723A13-681E-4D33-9DEB-C66EB7A0840F}"
EndProject
Global
	GlobalSection(SolutionConfigurationPlatforms) = preSolution
		Debug|Any CPU = Debug|Any CPU
		Release|Any CPU = Release|Any CPU
	EndGlobalSection
	GlobalSection(ProjectConfigurationPlatforms) = postSolution
		{8E723A13-681E-4D33-9DEB-C66EB7A0840F}.Debug|Any CPU.ActiveCfg = Debug|Any CPU
		{8E723A13-681E-4D33-9DEB-C66EB7A0840F}.Debug|Any CPU.Build.0 = Debug|Any CPU
		{8E723A13-681E-4D33-9DEB-C66EB7A0840F}.Release|Any CPU.ActiveCfg = Release|Any CPU
		{8E723A13-681E-4D33-9DEB-C66EB7A0840F}.Release|Any CPU.Build.0 = Release|Any CPU
	EndGlobalSection
	GlobalSection(SolutionProperties) = preSolution
		HideSolutionNode = FALSE
	EndGlobalSection
	GlobalSection(ExtensibilityGlobals) = postSolution
		SolutionGuid = {BB38146D-1403-4E09-8F76-4F00B3C635E0}
	EndGlobalSection
EndGlobal
