
Microsoft Visual Studio Solution File, Format Version 12.00
# Visual Studio Version 17
VisualStudioVersion = 17.9.34902.65
MinimumVisualStudioVersion = 10.0.40219.1
Project("{FAE04EC0-301F-11D3-BF4B-00C04F79EFBC}") = "ContactCommunicationRequests", "ContactCommunicationRequests\ContactCommunicationRequests.csproj", "{31C90535-BCA0-4686-BF40-6404F55805B8}"
EndProject
Global
	GlobalSection(SolutionConfigurationPlatforms) = preSolution
		Debug|Any CPU = Debug|Any CPU
		Release|Any CPU = Release|Any CPU
	EndGlobalSection
	GlobalSection(ProjectConfigurationPlatforms) = postSolution
		{31C90535-BCA0-4686-BF40-6404F55805B8}.Debug|Any CPU.ActiveCfg = Debug|Any CPU
		{31C90535-BCA0-4686-BF40-6404F55805B8}.Debug|Any CPU.Build.0 = Debug|Any CPU
		{31C90535-BCA0-4686-BF40-6404F55805B8}.Release|Any CPU.ActiveCfg = Release|Any CPU
		{31C90535-BCA0-4686-BF40-6404F55805B8}.Release|Any CPU.Build.0 = Release|Any CPU
	EndGlobalSection
	GlobalSection(SolutionProperties) = preSolution
		HideSolutionNode = FALSE
	EndGlobalSection
	GlobalSection(ExtensibilityGlobals) = postSolution
		SolutionGuid = {674FCEC9-6BC3-4CD3-992C-D470884B869D}
	EndGlobalSection
EndGlobal
