
Microsoft Visual Studio Solution File, Format Version 12.00
# Visual Studio Version 17
VisualStudioVersion = 17.9.34902.65
MinimumVisualStudioVersion = 10.0.40219.1
Project("{FAE04EC0-301F-11D3-BF4B-00C04F79EFBC}") = "NrbValidationHelper", "NrbValidationHelper\NrbValidationHelper.csproj", "{F57F7968-DA01-456B-B920-F1FE0223539C}"
EndProject
Global
	GlobalSection(SolutionConfigurationPlatforms) = preSolution
		Debug|Any CPU = Debug|Any CPU
		Release|Any CPU = Release|Any CPU
	EndGlobalSection
	GlobalSection(ProjectConfigurationPlatforms) = postSolution
		{F57F7968-DA01-456B-B920-F1FE0223539C}.Debug|Any CPU.ActiveCfg = Debug|Any CPU
		{F57F7968-DA01-456B-B920-F1FE0223539C}.Debug|Any CPU.Build.0 = Debug|Any CPU
		{F57F7968-DA01-456B-B920-F1FE0223539C}.Release|Any CPU.ActiveCfg = Release|Any CPU
		{F57F7968-DA01-456B-B920-F1FE0223539C}.Release|Any CPU.Build.0 = Release|Any CPU
	EndGlobalSection
	GlobalSection(SolutionProperties) = preSolution
		HideSolutionNode = FALSE
	EndGlobalSection
	GlobalSection(ExtensibilityGlobals) = postSolution
		SolutionGuid = {0C862C71-D484-461C-B02B-EFFED4A0566C}
	EndGlobalSection
EndGlobal
